github.com/davecgh/go-spew v1.1.0 h1:ZDRjVQ15GmhC3fiQ8ni8+OwkZQO4DARzQgrnXU1Liz8=
github.com/davecgh/go-spew v1.1.0/go.mod h1:J7Y8YcW2NihsgmVo/mv3lAwl/skON4iLHjSsI+c5H38=
github.com/davecgh/go-spew v1.1.1 h1:vj9j/u1bqnvCEfJOwUhtlOARqs3+rkHYY13jYWTU97c=
github.com/davecgh/go-spew v1.1.1/go.mod h1:J7Y8YcW2NihsgmVo/mv3lAwl/skON4iLHjSsI+c5H38=
github.com/gammazero/deque v0.1.0 h1:f9LnNmq66VDeuAlSAapemq/U7hJ2jpIWa4c09q8Dlik=
github.com/gammazero/deque v0.1.0/go.mod h1:KQw7vFau1hHuM8xmI9RbgKFbAsQFWmBpqQ2KenFLk6M=
github.com/gammazero/workerpool v1.1.2 h1:vuioDQbgrz4HoaCi2q1HLlOXdpbap5AET7xu5/qj87g=
github.com/gammazero/workerpool v1.1.2/go.mod h1:UelbXcO0zCIGFcufcirHhq2/xtLXJdQ29qZNlXG9OjQ=
github.com/gonum/blas v0.0.0-20181208220705-f22b278b28ac h1:Q0Jsdxl5jbxouNs1TQYt0gxesYMU4VXRbsTlgDloZ50=
github.com/gonum/blas v0.0.0-20181208220705-f22b278b28ac/go.mod h1:P32wAyui1PQ58Oce/KYkOqQv8cVw1zAapXOl+dRFGbc=
github.com/gonum/floats v0.0.0-20181209220543-c233463c7e82 h1:EvokxLQsaaQjcWVWSV38221VAK7qc2zhaO17bKys/18=
github.com/gonum/floats v0.0.0-20181209220543-c233463c7e82/go.mod h1:PxC8OnwL11+aosOB5+iEPoV3picfs8tUpkVd0pDo+Kg=
github.com/gonum/internal v0.0.0-20181124074243-f884aa714029 h1:8jtTdc+Nfj9AR+0soOeia9UZSvYBvETVHZrugUowJ7M=
github.com/gonum/internal v0.0.0-20181124074243-f884aa714029/go.mod h1:Pu4dmpkhSyOzRwuXkOgAvijx4o+4YMUJJo9OvPYMkks=
github.com/gonum/lapack v0.0.0-20181123203213-e4cdc5a0bff9 h1:7qnwS9+oeSiOIsiUMajT+0R7HR6hw5NegnKPmn/94oI=
github.com/gonum/lapack v0.0.0-20181123203213-e4cdc5a0bff9/go.mod h1:XA3DeT6rxh2EAE789SSiSJNqxPaC0aE9J8NTOI0Jo/A=
github.com/gonum/matrix v0.0.0-20181209220409-c518dec07be9 h1:V2IgdyerlBa/MxaEFRbV5juy/C3MGdj4ePi+g6ePIp4=
github.com/gonum/matrix v0.0.0-20181209220409-c518dec07be9/go.mod h1:0EXg4mc1CNP0HCqCz+K4ts155PXIlUywf0wqN+GfPZw=
github.com/gonum/stat v0.0.0-20181125101827-41a0da705a5b h1:fbskpz/cPqWH8VqkQ7LJghFkl2KPAiIFUHrTJ2O3RGk=
github.com/gonum/stat v0.0.0-20181125101827-41a0da705a5b/go.mod h1:Z4GIJBJO3Wa4gD4vbwQxXXZ+WHmW6E9ixmNrwvs0iZs=
github.com/google/uuid v1.3.0 h1:t6JiXgmwXMjEs8VusXIJk2BXHsn+wx8BZdTaoZ5fu7I=
github.com/google/uuid v1.3.0/go.mod h1:TIyPZe4MgqvfeYDBFedMoGGpEw/LqOeaOT+nhxU+yHo=
github.com/jszwec/csvutil v1.6.0 h1:QORXquCT0t8nUKD7utAD4HDmQMgG0Ir9WieZXzpa7ms=
github.com/jszwec/csvutil v1.6.0/go.mod h1:Rpu7Uu9giO9subDyMCIQfHVDuLrcaC36UA4YcJjGBkg=
github.com/k0kubun/go-ansi v0.0.0-20180517002512-3bf9e2903213/go.mod h1:vNUNkEQ1e29fT/6vq2aBdFsgNPmy8qMdSay1npru+Sw=
github.com/mattn/go-isatty v0.0.14/go.mod h1:7GGIvUiUoEMVVmxf/4nioHXj79iQHKdU27kJ6hsGG94=
github.com/mattn/go-runewidth v0.0.9 h1:Lm995f3rfxdpd6TSmuVCHVb/QhupuXlYr8sCI/QdE+0=
github.com/mattn/go-runewidth v0.0.9/go.mod h1:H031xJmbD/WCDINGzjvQ9THkh0rPKHF+m2gUSrubnMI=
github.com/mattn/go-runewidth v0.0.13 h1:lTGmDsbAYt5DmK6OnoV7EuIF1wEIFAcxld6ypU4OSgU=
github.com/mattn/go-runewidth v0.0.13/go.mod h1:Jdepj2loyihRzMpdS35Xk/zdY8IAYHsh153qUoGf23w=
github.com/mitchellh/colorstring v0.0.0-20190213212951-d06e56a500db h1:62I3jR2EmQ4l5rM/4FEfDWcRD+abF5XlKShorW5LRoQ=
github.com/mitchellh/colorstring v0.0.0-20190213212951-d06e56a500db/go.mod h1:l0dey0ia/Uv7NcFFVbCLtqEBQbrT4OCwCSKTEv6enCw=
github.com/oklog/ulid/v2 v2.0.2 h1:r4fFzBm+bv0wNKNh5eXTwU7i85y5x+uwkxCUTNVQqLc=
github.com/oklog/ulid/v2 v2.0.2/go.mod h1:mtBL0Qe/0HAx6/a4Z30qxVIAL1eQDweXq5lxOEiwQ68=
github.com/olekukonko/tablewriter v0.0.5 h1:P2Ga83D34wi1o9J6Wh1mRuqd4mF/x/lgBS7N7AbDhec=
github.com/olekukonko/tablewriter v0.0.5/go.mod h1:hPp6KlRPjbx+hW8ykQs1w3UBbZlj6HuIJcUGPhkA7kY=
github.com/pborman/getopt v0.0.0-20170112200414-7148bc3a4c30/go.mod h1:85jBQOZwpVEaDAr341tbn15RS4fCAsIst0qp7i8ex1o=
github.com/pmezard/go-difflib v1.0.0 h1:4DBwDE0NGyQoBHbLQYPwSUPoCMWR5BEzIk/f1lZbAQM=
github.com/pmezard/go-difflib v1.0.0/go.mod h1:iKH77koFhYxTK1pcRnkKkqfTogsbg7gZNVY4sRDYZ/4=
github.com/rivo/uniseg v0.2.0 h1:S1pD9weZBuJdFmowNwbpi7BJ8TNftyUImj/0WQi72jY=
github.com/rivo/uniseg v0.2.0/go.mod h1:J6wj4VEh+S6ZtnVlnTBMWIodfgj8LQOQFoIToxlJtxc=
github.com/schollz/progressbar/v3 v3.8.6 h1:QruMUdzZ1TbEP++S1m73OqRJk20ON11m6Wqv4EoGg8c=
github.com/schollz/progressbar/v3 v3.8.6/go.mod h1:W5IEwbJecncFGBvuEh4A7HT1nZZ6WNIL2i3qbnI0WKY=
github.com/schwarmco/go-cartesian-product v0.0.0-20180515110546-d5ee747a6dc9 h1:rIlaPhb87A5GJy0FbjlxesD2lyr052gS/pF6NSAvSEo=
github.com/schwarmco/go-cartesian-product v0.0.0-20180515110546-d5ee747a6dc9/go.mod h1:0jtE6j9sPEDD6gfLzxwt1eF2VI6u/w1sQ99IuZcUfyk=
github.com/shopspring/decimal v1.3.1 h1:2Usl1nmF/WZucqkFZhnfFYxxxu8LG21F6nPQBE5gKV8=
github.com/shopspring/decimal v1.3.1/go.mod h1:DKyhrW/HYNuLGql+MJL6WCR6knT2jwCFRcu2hWCYk4o=
github.com/stretchr/objx v0.1.0 h1:4G4v2dO3VZwixGIRoQ5Lfboy6nUhCyYzaqnIAPPhYs4=
github.com/stretchr/objx v0.1.0/go.mod h1:HFkY916IF+rwdDfMAkV7OtwuqBVzrE8GR6GFx+wExME=
github.com/stretchr/testify v1.3.0/go.mod h1:M5WIy9Dh21IEIfnGCwXGc5bZfKNJtfHm1UVUgZn+9EI=
github.com/stretchr/testify v1.7.1 h1:5TQK59W5E3v0r2duFAb7P95B6hEeOyEnHRa8MjYSMTY=
github.com/stretchr/testify v1.7.1/go.mod h1:6Fq8oRcR53rry900zMqJjRRixrwX3KX962/h/Wwjteg=
golang.org/x/crypto v0.0.0-20220131195533-30dcbda58838/go.mod h1:IxCIyHEi3zRg3s0A5j5BB6A9Jmi73HwBIUl50j+osU4=
golang.org/x/crypto v0.0.0-20220411220226-7b82a4e95df4 h1:kUhD7nTDoI3fVd9G4ORWrbV5NY0liEs/Jg2pv5f+bBA=
golang.org/x/crypto v0.0.0-20220411220226-7b82a4e95df4/go.mod h1:IxCIyHEi3zRg3s0A5j5BB6A9Jmi73HwBIUl50j+osU4=
golang.org/x/exp v0.0.0-20220325121720-054d8573a5d8 h1:Xt4/LzbTwfocTk9ZLEu4onjeFucl88iW+v4j4PWbQuE=
golang.org/x/exp v0.0.0-20220325121720-054d8573a5d8/go.mod h1:lgLbSvA5ygNOMpwM/9anMpWVlVJ7Z+cHWq/eFuinpGE=
golang.org/x/exp v0.0.0-20220328175248-053ad81199eb h1:pC9Okm6BVmxEw76PUu0XUbOTQ92JX11hfvqTjAV3qxM=
golang.org/x/exp v0.0.0-20220328175248-053ad81199eb/go.mod h1:lgLbSvA5ygNOMpwM/9anMpWVlVJ7Z+cHWq/eFuinpGE=
golang.org/x/net v0.0.0-20211112202133-69e39bad7dc2/go.mod h1:9nx3DQGgdP8bBQD5qxJ1jj9UTztislL4KSBs9R2vV5Y=
golang.org/x/sys v0.0.0-20201119102817-f84b799fce68/go.mod h1:h1NjWce9XRLGQEsW7wpKNCjG9DtNlClVuFLEZdDNbEs=
golang.org/x/sys v0.0.0-20210423082822-04245dca01da/go.mod h1:h1NjWce9XRLGQEsW7wpKNCjG9DtNlClVuFLEZdDNbEs=
golang.org/x/sys v0.0.0-20210615035016-665e8c7367d1/go.mod h1:oPkhp1MJrh7nUepCBck5+mAzfO9JrbApNNgaTdGDITg=
golang.org/x/sys v0.0.0-20210630005230-0f9fa26af87c/go.mod h1:oPkhp1MJrh7nUepCBck5+mAzfO9JrbApNNgaTdGDITg=
golang.org/x/sys v0.0.0-20220128215802-99c3d69c2c27/go.mod h1:oPkhp1MJrh7nUepCBck5+mAzfO9JrbApNNgaTdGDITg=
golang.org/x/sys v0.0.0-20220412211240-33da011f77ad h1:ntjMns5wyP/fN65tdBD4g8J5w8n015+iIIs9rtjXkY0=
golang.org/x/sys v0.0.0-20220412211240-33da011f77ad/go.mod h1:oPkhp1MJrh7nUepCBck5+mAzfO9JrbApNNgaTdGDITg=
golang.org/x/term v0.0.0-20201126162022-7de9c90e9dd1/go.mod h1:bj7SfCRtBDWHUb9snDiAeCFNEtKQo2Wmx5Cou7ajbmo=
golang.org/x/term v0.0.0-20210927222741-03fcf44c2211/go.mod h1:jbD1KX2456YbFQfuXm/mYQcufACuNUgVhRMnK/tPxf8=
golang.org/x/term v0.0.0-20220411215600-e5f449aeb171 h1:EH1Deb8WZJ0xc0WK//leUHXcX9aLE5SymusoTmMZye8=
golang.org/x/term v0.0.0-20220411215600-e5f449aeb171/go.mod h1:jbD1KX2456YbFQfuXm/mYQcufACuNUgVhRMnK/tPxf8=
golang.org/x/text v0.3.6/go.mod h1:5Zoc/QRtKVWzQhOtBMvqHzDpF6irO9z98xDceosuGiQ=
golang.org/x/tools v0.0.0-20180917221912-90fa682c2a6e/go.mod h1:n7NCudcB/nEzxVGmLbDWY5pfWTLqBcC2KZ6jyYvM4mQ=
gopkg.in/check.v1 v0.0.0-20161208181325-20d25e280405/go.mod h1:Co6ibVJAznAaIkqp8huTwlJQCZ016jof/cbN4VW5Yz0=
gopkg.in/yaml.v3 v3.0.0-20200313102051-9f266ea9e77c h1:dUUwHk2QECo/6vqA44rthZ8ie2QXMNeKRTHCNY2nXvo=
gopkg.in/yaml.v3 v3.0.0-20200313102051-9f266ea9e77c/go.mod h1:K4uyk7z7BCEPqu6E+C64Yfv1cQ7kz7rIZviUmN+EgEM=
